
Microsoft Visual Studio Solution File, Format Version 12.00
# Visual Studio Version 17
VisualStudioVersion = 17.11.35303.130
MinimumVisualStudioVersion = 10.0.40219.1
Project("{9A19103F-16F7-4668-BE54-9A1E7A4F7556}") = "Leagueoflegends", "Leagueoflegends\Leagueoflegends.csproj", "{E2C762EC-6430-45BE-8274-0B72EF545857}"
EndProject
Project("{9A19103F-16F7-4668-BE54-9A1E7A4F7556}") = "Jamesnet.WinUI3", "Jamesnet.WinUI3\Jamesnet.WinUI3.csproj", "{BCAB0F11-1D0E-409F-BFF7-5180EECC3EDA}"
EndProject
Project("{9A19103F-16F7-4668-BE54-9A1E7A4F7556}") = "Leagueoflegends.Main", "Leagueoflegends.Main\Leagueoflegends.Main.csproj", "{502F2EBB-F5F2-4E65-9C2E-E213C45F909F}"
EndProject
Project("{9A19103F-16F7-4668-BE54-9A1E7A4F7556}") = "Leagueoflegends.Support", "Leagueoflegends.Support\Leagueoflegends.Support.csproj", "{E2772AB7-51AC-45B2-AE3C-3D2EBB88492F}"
EndProject
Project("{9A19103F-16F7-4668-BE54-9A1E7A4F7556}") = "Leagueoflegends.Navigate", "Leagueoflegends.Navigate\Leagueoflegends.Navigate.csproj", "{C0B2CE3A-0749-48DA-ACA4-B6CAA9C963F1}"
EndProject
Project("{9A19103F-16F7-4668-BE54-9A1E7A4F7556}") = "Leagueoflegends.Social", "Leagueoflegends.Social\Leagueoflegends.Social.csproj", "{BD942BF2-8C13-415F-99AB-3A7C8A720984}"
EndProject
Project("{9A19103F-16F7-4668-BE54-9A1E7A4F7556}") = "Leagueoflegends.Home", "Leagueoflegends.Home\Leagueoflegends.Home.csproj", "{D98BECB6-2959-425C-9093-CFD694287D2F}"
EndProject
Project("{9A19103F-16F7-4668-BE54-9A1E7A4F7556}") = "Leagueoflegends.Collection", "Leagueoflegends.Collection\Leagueoflegends.Collection.csproj", "{7A078B08-D429-43CE-82C3-92ED937FB9DB}"
EndProject
Project("{9A19103F-16F7-4668-BE54-9A1E7A4F7556}") = "Leagueoflegends.Clash", "Leagueoflegends.Clash\Leagueoflegends.Clash.csproj", "{2CA6A33D-6590-4039-910F-CF885D9E0DA1}"
EndProject
Project("{9A19103F-16F7-4668-BE54-9A1E7A4F7556}") = "Leagueoflegends.Profile", "Leagueoflegends.Profile\Leagueoflegends.Profile.csproj", "{88F47622-9193-44E3-BFF4-BC36B7606485}"
EndProject
Project("{9A19103F-16F7-4668-BE54-9A1E7A4F7556}") = "Leagueoflegends.Shop", "Leagueoflegends.Shop\Leagueoflegends.Shop.csproj", "{CFF37A6B-2B0C-43D4-8098-A5E98EA1A330}"
EndProject
Project("{9A19103F-16F7-4668-BE54-9A1E7A4F7556}") = "Leagueoflegends.Store", "Leagueoflegends.Store\Leagueoflegends.Store.csproj", "{1299D853-8DA4-431C-B194-34E44363FAF4}"
EndProject
Project("{9A19103F-16F7-4668-BE54-9A1E7A4F7556}") = "Leagueoflegends.Tft", "Leagueoflegends.Tft\Leagueoflegends.Tft.csproj", "{3A1CEA4B-DBA9-4188-8B43-84D626FE5F49}"
EndProject
Project("{9A19103F-16F7-4668-BE54-9A1E7A4F7556}") = "Leagueoflegends.Settings", "Leagueoflegends.Settings\Leagueoflegends.Settings.csproj", "{DD4C7FD3-D576-45D2-94A8-6988FA66C607}"
EndProject
Project("{2150E333-8FDC-42A3-9474-1A3956D46DE8}") = "App (WinUI3)", "App (WinUI3)", "{624700EA-94CE-4783-9D7A-864A6C9E7FCB}"
EndProject
Project("{2150E333-8FDC-42A3-9474-1A3956D46DE8}") = "Based", "Based", "{BF65155D-09F3-411B-ACBE-12D5D5A4C926}"
EndProject
Project("{2150E333-8FDC-42A3-9474-1A3956D46DE8}") = "Foundation", "Foundation", "{7F754BDB-3CB1-413D-8942-51A3C10CE64D}"
EndProject
Project("{2150E333-8FDC-42A3-9474-1A3956D46DE8}") = "Partial", "Partial", "{21F3F9AA-0CA6-428A-883C-47AEEABA91B8}"
EndProject
Project("{FAE04EC0-301F-11D3-BF4B-00C04F79EFBC}") = "Jamesnet.Core", "Jamesnet.Core\Jamesnet.Core.csproj", "{EB09F503-3FBC-40CF-B04E-A59D6AEB595D}"
EndProject
Global
	GlobalSection(SolutionConfigurationPlatforms) = preSolution
		Debug|Any CPU = Debug|Any CPU
		Debug|ARM64 = Debug|ARM64
		Debug|x64 = Debug|x64
		Debug|x86 = Debug|x86
		Release|Any CPU = Release|Any CPU
		Release|ARM64 = Release|ARM64
		Release|x64 = Release|x64
		Release|x86 = Release|x86
	EndGlobalSection
	GlobalSection(ProjectConfigurationPlatforms) = postSolution
		{E2C762EC-6430-45BE-8274-0B72EF545857}.Debug|Any CPU.ActiveCfg = Debug|x64
		{E2C762EC-6430-45BE-8274-0B72EF545857}.Debug|Any CPU.Build.0 = Debug|x64
		{E2C762EC-6430-45BE-8274-0B72EF545857}.Debug|Any CPU.Deploy.0 = Debug|x64
		{E2C762EC-6430-45BE-8274-0B72EF545857}.Debug|ARM64.ActiveCfg = Debug|ARM64
		{E2C762EC-6430-45BE-8274-0B72EF545857}.Debug|ARM64.Build.0 = Debug|ARM64
		{E2C762EC-6430-45BE-8274-0B72EF545857}.Debug|ARM64.Deploy.0 = Debug|ARM64
		{E2C762EC-6430-45BE-8274-0B72EF545857}.Debug|x64.ActiveCfg = Debug|x64
		{E2C762EC-6430-45BE-8274-0B72EF545857}.Debug|x64.Build.0 = Debug|x64
		{E2C762EC-6430-45BE-8274-0B72EF545857}.Debug|x64.Deploy.0 = Debug|x64
		{E2C762EC-6430-45BE-8274-0B72EF545857}.Debug|x86.ActiveCfg = Debug|x86
		{E2C762EC-6430-45BE-8274-0B72EF545857}.Debug|x86.Build.0 = Debug|x86
		{E2C762EC-6430-45BE-8274-0B72EF545857}.Debug|x86.Deploy.0 = Debug|x86
		{E2C762EC-6430-45BE-8274-0B72EF545857}.Release|Any CPU.ActiveCfg = Release|x64
		{E2C762EC-6430-45BE-8274-0B72EF545857}.Release|Any CPU.Build.0 = Release|x64
		{E2C762EC-6430-45BE-8274-0B72EF545857}.Release|Any CPU.Deploy.0 = Release|x64
		{E2C762EC-6430-45BE-8274-0B72EF545857}.Release|ARM64.ActiveCfg = Release|ARM64
		{E2C762EC-6430-45BE-8274-0B72EF545857}.Release|ARM64.Build.0 = Release|ARM64
		{E2C762EC-6430-45BE-8274-0B72EF545857}.Release|ARM64.Deploy.0 = Release|ARM64
		{E2C762EC-6430-45BE-8274-0B72EF545857}.Release|x64.ActiveCfg = Release|x64
		{E2C762EC-6430-45BE-8274-0B72EF545857}.Release|x64.Build.0 = Release|x64
		{E2C762EC-6430-45BE-8274-0B72EF545857}.Release|x64.Deploy.0 = Release|x64
		{E2C762EC-6430-45BE-8274-0B72EF545857}.Release|x86.ActiveCfg = Release|x86
		{E2C762EC-6430-45BE-8274-0B72EF545857}.Release|x86.Build.0 = Release|x86
		{E2C762EC-6430-45BE-8274-0B72EF545857}.Release|x86.Deploy.0 = Release|x86
		{BCAB0F11-1D0E-409F-BFF7-5180EECC3EDA}.Debug|Any CPU.ActiveCfg = Debug|Any CPU
		{BCAB0F11-1D0E-409F-BFF7-5180EECC3EDA}.Debug|Any CPU.Build.0 = Debug|Any CPU
		{BCAB0F11-1D0E-409F-BFF7-5180EECC3EDA}.Debug|ARM64.ActiveCfg = Debug|Any CPU
		{BCAB0F11-1D0E-409F-BFF7-5180EECC3EDA}.Debug|ARM64.Build.0 = Debug|Any CPU
		{BCAB0F11-1D0E-409F-BFF7-5180EECC3EDA}.Debug|x64.ActiveCfg = Debug|Any CPU
		{BCAB0F11-1D0E-409F-BFF7-5180EECC3EDA}.Debug|x64.Build.0 = Debug|Any CPU
		{BCAB0F11-1D0E-409F-BFF7-5180EECC3EDA}.Debug|x86.ActiveCfg = Debug|Any CPU
		{BCAB0F11-1D0E-409F-BFF7-5180EECC3EDA}.Debug|x86.Build.0 = Debug|Any CPU
		{BCAB0F11-1D0E-409F-BFF7-5180EECC3EDA}.Release|Any CPU.ActiveCfg = Release|Any CPU
		{BCAB0F11-1D0E-409F-BFF7-5180EECC3EDA}.Release|Any CPU.Build.0 = Release|Any CPU
		{BCAB0F11-1D0E-409F-BFF7-5180EECC3EDA}.Release|ARM64.ActiveCfg = Release|Any CPU
		{BCAB0F11-1D0E-409F-BFF7-5180EECC3EDA}.Release|ARM64.Build.0 = Release|Any CPU
		{BCAB0F11-1D0E-409F-BFF7-5180EECC3EDA}.Release|x64.ActiveCfg = Release|Any CPU
		{BCAB0F11-1D0E-409F-BFF7-5180EECC3EDA}.Release|x64.Build.0 = Release|Any CPU
		{BCAB0F11-1D0E-409F-BFF7-5180EECC3EDA}.Release|x86.ActiveCfg = Release|Any CPU
		{BCAB0F11-1D0E-409F-BFF7-5180EECC3EDA}.Release|x86.Build.0 = Release|Any CPU
		{502F2EBB-F5F2-4E65-9C2E-E213C45F909F}.Debug|Any CPU.ActiveCfg = Debug|Any CPU
		{502F2EBB-F5F2-4E65-9C2E-E213C45F909F}.Debug|Any CPU.Build.0 = Debug|Any CPU
		{502F2EBB-F5F2-4E65-9C2E-E213C45F909F}.Debug|ARM64.ActiveCfg = Debug|Any CPU
		{502F2EBB-F5F2-4E65-9C2E-E213C45F909F}.Debug|ARM64.Build.0 = Debug|Any CPU
		{502F2EBB-F5F2-4E65-9C2E-E213C45F909F}.Debug|x64.ActiveCfg = Debug|Any CPU
		{502F2EBB-F5F2-4E65-9C2E-E213C45F909F}.Debug|x64.Build.0 = Debug|Any CPU
		{502F2EBB-F5F2-4E65-9C2E-E213C45F909F}.Debug|x86.ActiveCfg = Debug|Any CPU
		{502F2EBB-F5F2-4E65-9C2E-E213C45F909F}.Debug|x86.Build.0 = Debug|Any CPU
		{502F2EBB-F5F2-4E65-9C2E-E213C45F909F}.Release|Any CPU.ActiveCfg = Release|Any CPU
		{502F2EBB-F5F2-4E65-9C2E-E213C45F909F}.Release|Any CPU.Build.0 = Release|Any CPU
		{502F2EBB-F5F2-4E65-9C2E-E213C45F909F}.Release|ARM64.ActiveCfg = Release|Any CPU
		{502F2EBB-F5F2-4E65-9C2E-E213C45F909F}.Release|ARM64.Build.0 = Release|Any CPU
		{502F2EBB-F5F2-4E65-9C2E-E213C45F909F}.Release|x64.ActiveCfg = Release|Any CPU
		{502F2EBB-F5F2-4E65-9C2E-E213C45F909F}.Release|x64.Build.0 = Release|Any CPU
		{502F2EBB-F5F2-4E65-9C2E-E213C45F909F}.Release|x86.ActiveCfg = Release|Any CPU
		{502F2EBB-F5F2-4E65-9C2E-E213C45F909F}.Release|x86.Build.0 = Release|Any CPU
		{E2772AB7-51AC-45B2-AE3C-3D2EBB88492F}.Debug|Any CPU.ActiveCfg = Debug|Any CPU
		{E2772AB7-51AC-45B2-AE3C-3D2EBB88492F}.Debug|Any CPU.Build.0 = Debug|Any CPU
		{E2772AB7-51AC-45B2-AE3C-3D2EBB88492F}.Debug|ARM64.ActiveCfg = Debug|Any CPU
		{E2772AB7-51AC-45B2-AE3C-3D2EBB88492F}.Debug|ARM64.Build.0 = Debug|Any CPU
		{E2772AB7-51AC-45B2-AE3C-3D2EBB88492F}.Debug|x64.ActiveCfg = Debug|Any CPU
		{E2772AB7-51AC-45B2-AE3C-3D2EBB88492F}.Debug|x64.Build.0 = Debug|Any CPU
		{E2772AB7-51AC-45B2-AE3C-3D2EBB88492F}.Debug|x86.ActiveCfg = Debug|Any CPU
		{E2772AB7-51AC-45B2-AE3C-3D2EBB88492F}.Debug|x86.Build.0 = Debug|Any CPU
		{E2772AB7-51AC-45B2-AE3C-3D2EBB88492F}.Release|Any CPU.ActiveCfg = Release|Any CPU
		{E2772AB7-51AC-45B2-AE3C-3D2EBB88492F}.Release|Any CPU.Build.0 = Release|Any CPU
		{E2772AB7-51AC-45B2-AE3C-3D2EBB88492F}.Release|ARM64.ActiveCfg = Release|Any CPU
		{E2772AB7-51AC-45B2-AE3C-3D2EBB88492F}.Release|ARM64.Build.0 = Release|Any CPU
		{E2772AB7-51AC-45B2-AE3C-3D2EBB88492F}.Release|x64.ActiveCfg = Release|Any CPU
		{E2772AB7-51AC-45B2-AE3C-3D2EBB88492F}.Release|x64.Build.0 = Release|Any CPU
		{E2772AB7-51AC-45B2-AE3C-3D2EBB88492F}.Release|x86.ActiveCfg = Release|Any CPU
		{E2772AB7-51AC-45B2-AE3C-3D2EBB88492F}.Release|x86.Build.0 = Release|Any CPU
		{C0B2CE3A-0749-48DA-ACA4-B6CAA9C963F1}.Debug|Any CPU.ActiveCfg = Debug|Any CPU
		{C0B2CE3A-0749-48DA-ACA4-B6CAA9C963F1}.Debug|Any CPU.Build.0 = Debug|Any CPU
		{C0B2CE3A-0749-48DA-ACA4-B6CAA9C963F1}.Debug|ARM64.ActiveCfg = Debug|Any CPU
		{C0B2CE3A-0749-48DA-ACA4-B6CAA9C963F1}.Debug|ARM64.Build.0 = Debug|Any CPU
		{C0B2CE3A-0749-48DA-ACA4-B6CAA9C963F1}.Debug|x64.ActiveCfg = Debug|Any CPU
		{C0B2CE3A-0749-48DA-ACA4-B6CAA9C963F1}.Debug|x64.Build.0 = Debug|Any CPU
		{C0B2CE3A-0749-48DA-ACA4-B6CAA9C963F1}.Debug|x86.ActiveCfg = Debug|Any CPU
		{C0B2CE3A-0749-48DA-ACA4-B6CAA9C963F1}.Debug|x86.Build.0 = Debug|Any CPU
		{C0B2CE3A-0749-48DA-ACA4-B6CAA9C963F1}.Release|Any CPU.ActiveCfg = Release|Any CPU
		{C0B2CE3A-0749-48DA-ACA4-B6CAA9C963F1}.Release|Any CPU.Build.0 = Release|Any CPU
		{C0B2CE3A-0749-48DA-ACA4-B6CAA9C963F1}.Release|ARM64.ActiveCfg = Release|Any CPU
		{C0B2CE3A-0749-48DA-ACA4-B6CAA9C963F1}.Release|ARM64.Build.0 = Release|Any CPU
		{C0B2CE3A-0749-48DA-ACA4-B6CAA9C963F1}.Release|x64.ActiveCfg = Release|Any CPU
		{C0B2CE3A-0749-48DA-ACA4-B6CAA9C963F1}.Release|x64.Build.0 = Release|Any CPU
		{C0B2CE3A-0749-48DA-ACA4-B6CAA9C963F1}.Release|x86.ActiveCfg = Release|Any CPU
		{C0B2CE3A-0749-48DA-ACA4-B6CAA9C963F1}.Release|x86.Build.0 = Release|Any CPU
		{BD942BF2-8C13-415F-99AB-3A7C8A720984}.Debug|Any CPU.ActiveCfg = Debug|Any CPU
		{BD942BF2-8C13-415F-99AB-3A7C8A720984}.Debug|Any CPU.Build.0 = Debug|Any CPU
		{BD942BF2-8C13-415F-99AB-3A7C8A720984}.Debug|ARM64.ActiveCfg = Debug|Any CPU
		{BD942BF2-8C13-415F-99AB-3A7C8A720984}.Debug|ARM64.Build.0 = Debug|Any CPU
		{BD942BF2-8C13-415F-99AB-3A7C8A720984}.Debug|x64.ActiveCfg = Debug|Any CPU
		{BD942BF2-8C13-415F-99AB-3A7C8A720984}.Debug|x64.Build.0 = Debug|Any CPU
		{BD942BF2-8C13-415F-99AB-3A7C8A720984}.Debug|x86.ActiveCfg = Debug|Any CPU
		{BD942BF2-8C13-415F-99AB-3A7C8A720984}.Debug|x86.Build.0 = Debug|Any CPU
		{BD942BF2-8C13-415F-99AB-3A7C8A720984}.Release|Any CPU.ActiveCfg = Release|Any CPU
		{BD942BF2-8C13-415F-99AB-3A7C8A720984}.Release|Any CPU.Build.0 = Release|Any CPU
		{BD942BF2-8C13-415F-99AB-3A7C8A720984}.Release|ARM64.ActiveCfg = Release|Any CPU
		{BD942BF2-8C13-415F-99AB-3A7C8A720984}.Release|ARM64.Build.0 = Release|Any CPU
		{BD942BF2-8C13-415F-99AB-3A7C8A720984}.Release|x64.ActiveCfg = Release|Any CPU
		{BD942BF2-8C13-415F-99AB-3A7C8A720984}.Release|x64.Build.0 = Release|Any CPU
		{BD942BF2-8C13-415F-99AB-3A7C8A720984}.Release|x86.ActiveCfg = Release|Any CPU
		{BD942BF2-8C13-415F-99AB-3A7C8A720984}.Release|x86.Build.0 = Release|Any CPU
		{D98BECB6-2959-425C-9093-CFD694287D2F}.Debug|Any CPU.ActiveCfg = Debug|Any CPU
		{D98BECB6-2959-425C-9093-CFD694287D2F}.Debug|Any CPU.Build.0 = Debug|Any CPU
		{D98BECB6-2959-425C-9093-CFD694287D2F}.Debug|ARM64.ActiveCfg = Debug|Any CPU
		{D98BECB6-2959-425C-9093-CFD694287D2F}.Debug|ARM64.Build.0 = Debug|Any CPU
		{D98BECB6-2959-425C-9093-CFD694287D2F}.Debug|x64.ActiveCfg = Debug|Any CPU
		{D98BECB6-2959-425C-9093-CFD694287D2F}.Debug|x64.Build.0 = Debug|Any CPU
		{D98BECB6-2959-425C-9093-CFD694287D2F}.Debug|x86.ActiveCfg = Debug|Any CPU
		{D98BECB6-2959-425C-9093-CFD694287D2F}.Debug|x86.Build.0 = Debug|Any CPU
		{D98BECB6-2959-425C-9093-CFD694287D2F}.Release|Any CPU.ActiveCfg = Release|Any CPU
		{D98BECB6-2959-425C-9093-CFD694287D2F}.Release|Any CPU.Build.0 = Release|Any CPU
		{D98BECB6-2959-425C-9093-CFD694287D2F}.Release|ARM64.ActiveCfg = Release|Any CPU
		{D98BECB6-2959-425C-9093-CFD694287D2F}.Release|ARM64.Build.0 = Release|Any CPU
		{D98BECB6-2959-425C-9093-CFD694287D2F}.Release|x64.ActiveCfg = Release|Any CPU
		{D98BECB6-2959-425C-9093-CFD694287D2F}.Release|x64.Build.0 = Release|Any CPU
		{D98BECB6-2959-425C-9093-CFD694287D2F}.Release|x86.ActiveCfg = Release|Any CPU
		{D98BECB6-2959-425C-9093-CFD694287D2F}.Release|x86.Build.0 = Release|Any CPU
		{7A078B08-D429-43CE-82C3-92ED937FB9DB}.Debug|Any CPU.ActiveCfg = Debug|Any CPU
		{7A078B08-D429-43CE-82C3-92ED937FB9DB}.Debug|Any CPU.Build.0 = Debug|Any CPU
		{7A078B08-D429-43CE-82C3-92ED937FB9DB}.Debug|ARM64.ActiveCfg = Debug|Any CPU
		{7A078B08-D429-43CE-82C3-92ED937FB9DB}.Debug|ARM64.Build.0 = Debug|Any CPU
		{7A078B08-D429-43CE-82C3-92ED937FB9DB}.Debug|x64.ActiveCfg = Debug|Any CPU
		{7A078B08-D429-43CE-82C3-92ED937FB9DB}.Debug|x64.Build.0 = Debug|Any CPU
		{7A078B08-D429-43CE-82C3-92ED937FB9DB}.Debug|x86.ActiveCfg = Debug|Any CPU
		{7A078B08-D429-43CE-82C3-92ED937FB9DB}.Debug|x86.Build.0 = Debug|Any CPU
		{7A078B08-D429-43CE-82C3-92ED937FB9DB}.Release|Any CPU.ActiveCfg = Release|Any CPU
		{7A078B08-D429-43CE-82C3-92ED937FB9DB}.Release|Any CPU.Build.0 = Release|Any CPU
		{7A078B08-D429-43CE-82C3-92ED937FB9DB}.Release|ARM64.ActiveCfg = Release|Any CPU
		{7A078B08-D429-43CE-82C3-92ED937FB9DB}.Release|ARM64.Build.0 = Release|Any CPU
		{7A078B08-D429-43CE-82C3-92ED937FB9DB}.Release|x64.ActiveCfg = Release|Any CPU
		{7A078B08-D429-43CE-82C3-92ED937FB9DB}.Release|x64.Build.0 = Release|Any CPU
		{7A078B08-D429-43CE-82C3-92ED937FB9DB}.Release|x86.ActiveCfg = Release|Any CPU
		{7A078B08-D429-43CE-82C3-92ED937FB9DB}.Release|x86.Build.0 = Release|Any CPU
		{2CA6A33D-6590-4039-910F-CF885D9E0DA1}.Debug|Any CPU.ActiveCfg = Debug|Any CPU
		{2CA6A33D-6590-4039-910F-CF885D9E0DA1}.Debug|Any CPU.Build.0 = Debug|Any CPU
		{2CA6A33D-6590-4039-910F-CF885D9E0DA1}.Debug|ARM64.ActiveCfg = Debug|Any CPU
		{2CA6A33D-6590-4039-910F-CF885D9E0DA1}.Debug|ARM64.Build.0 = Debug|Any CPU
		{2CA6A33D-6590-4039-910F-CF885D9E0DA1}.Debug|x64.ActiveCfg = Debug|Any CPU
		{2CA6A33D-6590-4039-910F-CF885D9E0DA1}.Debug|x64.Build.0 = Debug|Any CPU
		{2CA6A33D-6590-4039-910F-CF885D9E0DA1}.Debug|x86.ActiveCfg = Debug|Any CPU
		{2CA6A33D-6590-4039-910F-CF885D9E0DA1}.Debug|x86.Build.0 = Debug|Any CPU
		{2CA6A33D-6590-4039-910F-CF885D9E0DA1}.Release|Any CPU.ActiveCfg = Release|Any CPU
		{2CA6A33D-6590-4039-910F-CF885D9E0DA1}.Release|Any CPU.Build.0 = Release|Any CPU
		{2CA6A33D-6590-4039-910F-CF885D9E0DA1}.Release|ARM64.ActiveCfg = Release|Any CPU
		{2CA6A33D-6590-4039-910F-CF885D9E0DA1}.Release|ARM64.Build.0 = Release|Any CPU
		{2CA6A33D-6590-4039-910F-CF885D9E0DA1}.Release|x64.ActiveCfg = Release|Any CPU
		{2CA6A33D-6590-4039-910F-CF885D9E0DA1}.Release|x64.Build.0 = Release|Any CPU
		{2CA6A33D-6590-4039-910F-CF885D9E0DA1}.Release|x86.ActiveCfg = Release|Any CPU
		{2CA6A33D-6590-4039-910F-CF885D9E0DA1}.Release|x86.Build.0 = Release|Any CPU
		{88F47622-9193-44E3-BFF4-BC36B7606485}.Debug|Any CPU.ActiveCfg = Debug|Any CPU
		{88F47622-9193-44E3-BFF4-BC36B7606485}.Debug|Any CPU.Build.0 = Debug|Any CPU
		{88F47622-9193-44E3-BFF4-BC36B7606485}.Debug|ARM64.ActiveCfg = Debug|Any CPU
		{88F47622-9193-44E3-BFF4-BC36B7606485}.Debug|ARM64.Build.0 = Debug|Any CPU
		{88F47622-9193-44E3-BFF4-BC36B7606485}.Debug|x64.ActiveCfg = Debug|Any CPU
		{88F47622-9193-44E3-BFF4-BC36B7606485}.Debug|x64.Build.0 = Debug|Any CPU
		{88F47622-9193-44E3-BFF4-BC36B7606485}.Debug|x86.ActiveCfg = Debug|Any CPU
		{88F47622-9193-44E3-BFF4-BC36B7606485}.Debug|x86.Build.0 = Debug|Any CPU
		{88F47622-9193-44E3-BFF4-BC36B7606485}.Release|Any CPU.ActiveCfg = Release|Any CPU
		{88F47622-9193-44E3-BFF4-BC36B7606485}.Release|Any CPU.Build.0 = Release|Any CPU
		{88F47622-9193-44E3-BFF4-BC36B7606485}.Release|ARM64.ActiveCfg = Release|Any CPU
		{88F47622-9193-44E3-BFF4-BC36B7606485}.Release|ARM64.Build.0 = Release|Any CPU
		{88F47622-9193-44E3-BFF4-BC36B7606485}.Release|x64.ActiveCfg = Release|Any CPU
		{88F47622-9193-44E3-BFF4-BC36B7606485}.Release|x64.Build.0 = Release|Any CPU
		{88F47622-9193-44E3-BFF4-BC36B7606485}.Release|x86.ActiveCfg = Release|Any CPU
		{88F47622-9193-44E3-BFF4-BC36B7606485}.Release|x86.Build.0 = Release|Any CPU
		{CFF37A6B-2B0C-43D4-8098-A5E98EA1A330}.Debug|Any CPU.ActiveCfg = Debug|Any CPU
		{CFF37A6B-2B0C-43D4-8098-A5E98EA1A330}.Debug|Any CPU.Build.0 = Debug|Any CPU
		{CFF37A6B-2B0C-43D4-8098-A5E98EA1A330}.Debug|ARM64.ActiveCfg = Debug|Any CPU
		{CFF37A6B-2B0C-43D4-8098-A5E98EA1A330}.Debug|ARM64.Build.0 = Debug|Any CPU
		{CFF37A6B-2B0C-43D4-8098-A5E98EA1A330}.Debug|x64.ActiveCfg = Debug|Any CPU
		{CFF37A6B-2B0C-43D4-8098-A5E98EA1A330}.Debug|x64.Build.0 = Debug|Any CPU
		{CFF37A6B-2B0C-43D4-8098-A5E98EA1A330}.Debug|x86.ActiveCfg = Debug|Any CPU
		{CFF37A6B-2B0C-43D4-8098-A5E98EA1A330}.Debug|x86.Build.0 = Debug|Any CPU
		{CFF37A6B-2B0C-43D4-8098-A5E98EA1A330}.Release|Any CPU.ActiveCfg = Release|Any CPU
		{CFF37A6B-2B0C-43D4-8098-A5E98EA1A330}.Release|Any CPU.Build.0 = Release|Any CPU
		{CFF37A6B-2B0C-43D4-8098-A5E98EA1A330}.Release|ARM64.ActiveCfg = Release|Any CPU
		{CFF37A6B-2B0C-43D4-8098-A5E98EA1A330}.Release|ARM64.Build.0 = Release|Any CPU
		{CFF37A6B-2B0C-43D4-8098-A5E98EA1A330}.Release|x64.ActiveCfg = Release|Any CPU
		{CFF37A6B-2B0C-43D4-8098-A5E98EA1A330}.Release|x64.Build.0 = Release|Any CPU
		{CFF37A6B-2B0C-43D4-8098-A5E98EA1A330}.Release|x86.ActiveCfg = Release|Any CPU
		{CFF37A6B-2B0C-43D4-8098-A5E98EA1A330}.Release|x86.Build.0 = Release|Any CPU
		{1299D853-8DA4-431C-B194-34E44363FAF4}.Debug|Any CPU.ActiveCfg = Debug|Any CPU
		{1299D853-8DA4-431C-B194-34E44363FAF4}.Debug|Any CPU.Build.0 = Debug|Any CPU
		{1299D853-8DA4-431C-B194-34E44363FAF4}.Debug|ARM64.ActiveCfg = Debug|Any CPU
		{1299D853-8DA4-431C-B194-34E44363FAF4}.Debug|ARM64.Build.0 = Debug|Any CPU
		{1299D853-8DA4-431C-B194-34E44363FAF4}.Debug|x64.ActiveCfg = Debug|Any CPU
		{1299D853-8DA4-431C-B194-34E44363FAF4}.Debug|x64.Build.0 = Debug|Any CPU
		{1299D853-8DA4-431C-B194-34E44363FAF4}.Debug|x86.ActiveCfg = Debug|Any CPU
		{1299D853-8DA4-431C-B194-34E44363FAF4}.Debug|x86.Build.0 = Debug|Any CPU
		{1299D853-8DA4-431C-B194-34E44363FAF4}.Release|Any CPU.ActiveCfg = Release|Any CPU
		{1299D853-8DA4-431C-B194-34E44363FAF4}.Release|Any CPU.Build.0 = Release|Any CPU
		{1299D853-8DA4-431C-B194-34E44363FAF4}.Release|ARM64.ActiveCfg = Release|Any CPU
		{1299D853-8DA4-431C-B194-34E44363FAF4}.Release|ARM64.Build.0 = Release|Any CPU
		{1299D853-8DA4-431C-B194-34E44363FAF4}.Release|x64.ActiveCfg = Release|Any CPU
		{1299D853-8DA4-431C-B194-34E44363FAF4}.Release|x64.Build.0 = Release|Any CPU
		{1299D853-8DA4-431C-B194-34E44363FAF4}.Release|x86.ActiveCfg = Release|Any CPU
		{1299D853-8DA4-431C-B194-34E44363FAF4}.Release|x86.Build.0 = Release|Any CPU
		{3A1CEA4B-DBA9-4188-8B43-84D626FE5F49}.Debug|Any CPU.ActiveCfg = Debug|Any CPU
		{3A1CEA4B-DBA9-4188-8B43-84D626FE5F49}.Debug|Any CPU.Build.0 = Debug|Any CPU
		{3A1CEA4B-DBA9-4188-8B43-84D626FE5F49}.Debug|ARM64.ActiveCfg = Debug|Any CPU
		{3A1CEA4B-DBA9-4188-8B43-84D626FE5F49}.Debug|ARM64.Build.0 = Debug|Any CPU
		{3A1CEA4B-DBA9-4188-8B43-84D626FE5F49}.Debug|x64.ActiveCfg = Debug|Any CPU
		{3A1CEA4B-DBA9-4188-8B43-84D626FE5F49}.Debug|x64.Build.0 = Debug|Any CPU
		{3A1CEA4B-DBA9-4188-8B43-84D626FE5F49}.Debug|x86.ActiveCfg = Debug|Any CPU
		{3A1CEA4B-DBA9-4188-8B43-84D626FE5F49}.Debug|x86.Build.0 = Debug|Any CPU
		{3A1CEA4B-DBA9-4188-8B43-84D626FE5F49}.Release|Any CPU.ActiveCfg = Release|Any CPU
		{3A1CEA4B-DBA9-4188-8B43-84D626FE5F49}.Release|Any CPU.Build.0 = Release|Any CPU
		{3A1CEA4B-DBA9-4188-8B43-84D626FE5F49}.Release|ARM64.ActiveCfg = Release|Any CPU
		{3A1CEA4B-DBA9-4188-8B43-84D626FE5F49}.Release|ARM64.Build.0 = Release|Any CPU
		{3A1CEA4B-DBA9-4188-8B43-84D626FE5F49}.Release|x64.ActiveCfg = Release|Any CPU
		{3A1CEA4B-DBA9-4188-8B43-84D626FE5F49}.Release|x64.Build.0 = Release|Any CPU
		{3A1CEA4B-DBA9-4188-8B43-84D626FE5F49}.Release|x86.ActiveCfg = Release|Any CPU
		{3A1CEA4B-DBA9-4188-8B43-84D626FE5F49}.Release|x86.Build.0 = Release|Any CPU
		{DD4C7FD3-D576-45D2-94A8-6988FA66C607}.Debug|Any CPU.ActiveCfg = Debug|Any CPU
		{DD4C7FD3-D576-45D2-94A8-6988FA66C607}.Debug|Any CPU.Build.0 = Debug|Any CPU
		{DD4C7FD3-D576-45D2-94A8-6988FA66C607}.Debug|ARM64.ActiveCfg = Debug|Any CPU
		{DD4C7FD3-D576-45D2-94A8-6988FA66C607}.Debug|ARM64.Build.0 = Debug|Any CPU
		{DD4C7FD3-D576-45D2-94A8-6988FA66C607}.Debug|x64.ActiveCfg = Debug|Any CPU
		{DD4C7FD3-D576-45D2-94A8-6988FA66C607}.Debug|x64.Build.0 = Debug|Any CPU
		{DD4C7FD3-D576-45D2-94A8-6988FA66C607}.Debug|x86.ActiveCfg = Debug|Any CPU
		{DD4C7FD3-D576-45D2-94A8-6988FA66C607}.Debug|x86.Build.0 = Debug|Any CPU
		{DD4C7FD3-D576-45D2-94A8-6988FA66C607}.Release|Any CPU.ActiveCfg = Release|Any CPU
		{DD4C7FD3-D576-45D2-94A8-6988FA66C607}.Release|Any CPU.Build.0 = Release|Any CPU
		{DD4C7FD3-D576-45D2-94A8-6988FA66C607}.Release|ARM64.ActiveCfg = Release|Any CPU
		{DD4C7FD3-D576-45D2-94A8-6988FA66C607}.Release|ARM64.Build.0 = Release|Any CPU
		{DD4C7FD3-D576-45D2-94A8-6988FA66C607}.Release|x64.ActiveCfg = Release|Any CPU
		{DD4C7FD3-D576-45D2-94A8-6988FA66C607}.Release|x64.Build.0 = Release|Any CPU
		{DD4C7FD3-D576-45D2-94A8-6988FA66C607}.Release|x86.ActiveCfg = Release|Any CPU
		{DD4C7FD3-D576-45D2-94A8-6988FA66C607}.Release|x86.Build.0 = Release|Any CPU
		{EB09F503-3FBC-40CF-B04E-A59D6AEB595D}.Debug|Any CPU.ActiveCfg = Debug|Any CPU
		{EB09F503-3FBC-40CF-B04E-A59D6AEB595D}.Debug|Any CPU.Build.0 = Debug|Any CPU
		{EB09F503-3FBC-40CF-B04E-A59D6AEB595D}.Debug|ARM64.ActiveCfg = Debug|Any CPU
		{EB09F503-3FBC-40CF-B04E-A59D6AEB595D}.Debug|ARM64.Build.0 = Debug|Any CPU
		{EB09F503-3FBC-40CF-B04E-A59D6AEB595D}.Debug|x64.ActiveCfg = Debug|Any CPU
		{EB09F503-3FBC-40CF-B04E-A59D6AEB595D}.Debug|x64.Build.0 = Debug|Any CPU
		{EB09F503-3FBC-40CF-B04E-A59D6AEB595D}.Debug|x86.ActiveCfg = Debug|Any CPU
		{EB09F503-3FBC-40CF-B04E-A59D6AEB595D}.Debug|x86.Build.0 = Debug|Any CPU
		{EB09F503-3FBC-40CF-B04E-A59D6AEB595D}.Release|Any CPU.ActiveCfg = Release|Any CPU
		{EB09F503-3FBC-40CF-B04E-A59D6AEB595D}.Release|Any CPU.Build.0 = Release|Any CPU
		{EB09F503-3FBC-40CF-B04E-A59D6AEB595D}.Release|ARM64.ActiveCfg = Release|Any CPU
		{EB09F503-3FBC-40CF-B04E-A59D6AEB595D}.Release|ARM64.Build.0 = Release|Any CPU
		{EB09F503-3FBC-40CF-B04E-A59D6AEB595D}.Release|x64.ActiveCfg = Release|Any CPU
		{EB09F503-3FBC-40CF-B04E-A59D6AEB595D}.Release|x64.Build.0 = Release|Any CPU
		{EB09F503-3FBC-40CF-B04E-A59D6AEB595D}.Release|x86.ActiveCfg = Release|Any CPU
		{EB09F503-3FBC-40CF-B04E-A59D6AEB595D}.Release|x86.Build.0 = Release|Any CPU
	EndGlobalSection
	GlobalSection(SolutionProperties) = preSolution
		HideSolutionNode = FALSE
	EndGlobalSection
	GlobalSection(NestedProjects) = preSolution
		{E2C762EC-6430-45BE-8274-0B72EF545857} = {624700EA-94CE-4783-9D7A-864A6C9E7FCB}
		{BCAB0F11-1D0E-409F-BFF7-5180EECC3EDA} = {BF65155D-09F3-411B-ACBE-12D5D5A4C926}
		{502F2EBB-F5F2-4E65-9C2E-E213C45F909F} = {21F3F9AA-0CA6-428A-883C-47AEEABA91B8}
		{E2772AB7-51AC-45B2-AE3C-3D2EBB88492F} = {7F754BDB-3CB1-413D-8942-51A3C10CE64D}
		{C0B2CE3A-0749-48DA-ACA4-B6CAA9C963F1} = {21F3F9AA-0CA6-428A-883C-47AEEABA91B8}
		{BD942BF2-8C13-415F-99AB-3A7C8A720984} = {21F3F9AA-0CA6-428A-883C-47AEEABA91B8}
		{D98BECB6-2959-425C-9093-CFD694287D2F} = {21F3F9AA-0CA6-428A-883C-47AEEABA91B8}
		{7A078B08-D429-43CE-82C3-92ED937FB9DB} = {21F3F9AA-0CA6-428A-883C-47AEEABA91B8}
		{2CA6A33D-6590-4039-910F-CF885D9E0DA1} = {21F3F9AA-0CA6-428A-883C-47AEEABA91B8}
		{88F47622-9193-44E3-BFF4-BC36B7606485} = {21F3F9AA-0CA6-428A-883C-47AEEABA91B8}
		{CFF37A6B-2B0C-43D4-8098-A5E98EA1A330} = {21F3F9AA-0CA6-428A-883C-47AEEABA91B8}
		{1299D853-8DA4-431C-B194-34E44363FAF4} = {21F3F9AA-0CA6-428A-883C-47AEEABA91B8}
		{3A1CEA4B-DBA9-4188-8B43-84D626FE5F49} = {21F3F9AA-0CA6-428A-883C-47AEEABA91B8}
		{DD4C7FD3-D576-45D2-94A8-6988FA66C607} = {21F3F9AA-0CA6-428A-883C-47AEEABA91B8}
		{EB09F503-3FBC-40CF-B04E-A59D6AEB595D} = {BF65155D-09F3-411B-ACBE-12D5D5A4C926}
	EndGlobalSection
	GlobalSection(ExtensibilityGlobals) = postSolution
		SolutionGuid = {7657BEB8-D088-4AA3-BA18-A87FAB8B9144}
	EndGlobalSection
EndGlobal
